
Microsoft Visual Studio Solution File, Format Version 12.00
# Visual Studio Version 16
VisualStudioVersion = 16.0.30011.22
MinimumVisualStudioVersion = 10.0.40219.1
Project("{8BC9CEB8-8B4A-11D0-8D11-00A0C91BC942}") = "Ejercicio91", "Ejercicio91\Ejercicio91.vcxproj", "{DF459DCE-E96B-4207-82B3-ABDBDDA44E54}"
EndProject
Global
	GlobalSection(SolutionConfigurationPlatforms) = preSolution
		Debug|x64 = Debug|x64
		Debug|x86 = Debug|x86
		Release|x64 = Release|x64
		Release|x86 = Release|x86
	EndGlobalSection
	GlobalSection(ProjectConfigurationPlatforms) = postSolution
		{DF459DCE-E96B-4207-82B3-ABDBDDA44E54}.Debug|x64.ActiveCfg = Debug|x64
		{DF459DCE-E96B-4207-82B3-ABDBDDA44E54}.Debug|x64.Build.0 = Debug|x64
		{DF459DCE-E96B-4207-82B3-ABDBDDA44E54}.Debug|x86.ActiveCfg = Debug|Win32
		{DF459DCE-E96B-4207-82B3-ABDBDDA44E54}.Debug|x86.Build.0 = Debug|Win32
		{DF459DCE-E96B-4207-82B3-ABDBDDA44E54}.Release|x64.ActiveCfg = Release|x64
		{DF459DCE-E96B-4207-82B3-ABDBDDA44E54}.Release|x64.Build.0 = Release|x64
		{DF459DCE-E96B-4207-82B3-ABDBDDA44E54}.Release|x86.ActiveCfg = Release|Win32
		{DF459DCE-E96B-4207-82B3-ABDBDDA44E54}.Release|x86.Build.0 = Release|Win32
	EndGlobalSection
	GlobalSection(SolutionProperties) = preSolution
		HideSolutionNode = FALSE
	EndGlobalSection
	GlobalSection(ExtensibilityGlobals) = postSolution
		SolutionGuid = {39C2AA8C-A492-4C2F-8581-939AC438F900}
	EndGlobalSection
EndGlobal
