
Microsoft Visual Studio Solution File, Format Version 12.00
# Visual Studio Version 16
VisualStudioVersion = 16.0.30011.22
MinimumVisualStudioVersion = 10.0.40219.1
Project("{8BC9CEB8-8B4A-11D0-8D11-00A0C91BC942}") = "Ejercicio93", "Ejercicio93\Ejercicio93.vcxproj", "{1DCDDE30-35E8-4929-A77C-B99C34392754}"
EndProject
Global
	GlobalSection(SolutionConfigurationPlatforms) = preSolution
		Debug|x64 = Debug|x64
		Debug|x86 = Debug|x86
		Release|x64 = Release|x64
		Release|x86 = Release|x86
	EndGlobalSection
	GlobalSection(ProjectConfigurationPlatforms) = postSolution
		{1DCDDE30-35E8-4929-A77C-B99C34392754}.Debug|x64.ActiveCfg = Debug|x64
		{1DCDDE30-35E8-4929-A77C-B99C34392754}.Debug|x64.Build.0 = Debug|x64
		{1DCDDE30-35E8-4929-A77C-B99C34392754}.Debug|x86.ActiveCfg = Debug|Win32
		{1DCDDE30-35E8-4929-A77C-B99C34392754}.Debug|x86.Build.0 = Debug|Win32
		{1DCDDE30-35E8-4929-A77C-B99C34392754}.Release|x64.ActiveCfg = Release|x64
		{1DCDDE30-35E8-4929-A77C-B99C34392754}.Release|x64.Build.0 = Release|x64
		{1DCDDE30-35E8-4929-A77C-B99C34392754}.Release|x86.ActiveCfg = Release|Win32
		{1DCDDE30-35E8-4929-A77C-B99C34392754}.Release|x86.Build.0 = Release|Win32
	EndGlobalSection
	GlobalSection(SolutionProperties) = preSolution
		HideSolutionNode = FALSE
	EndGlobalSection
	GlobalSection(ExtensibilityGlobals) = postSolution
		SolutionGuid = {6B323F29-C3F8-4699-91D5-BA05AC2F4570}
	EndGlobalSection
EndGlobal
