
Microsoft Visual Studio Solution File, Format Version 12.00
# Visual Studio Version 16
VisualStudioVersion = 16.0.30011.22
MinimumVisualStudioVersion = 10.0.40219.1
Project("{8BC9CEB8-8B4A-11D0-8D11-00A0C91BC942}") = "Ejercicio22", "Ejercicio22\Ejercicio22.vcxproj", "{48D89ED4-FF5C-4AB3-AE7A-5DAFC10CF496}"
EndProject
Global
	GlobalSection(SolutionConfigurationPlatforms) = preSolution
		Debug|x64 = Debug|x64
		Debug|x86 = Debug|x86
		Release|x64 = Release|x64
		Release|x86 = Release|x86
	EndGlobalSection
	GlobalSection(ProjectConfigurationPlatforms) = postSolution
		{48D89ED4-FF5C-4AB3-AE7A-5DAFC10CF496}.Debug|x64.ActiveCfg = Debug|x64
		{48D89ED4-FF5C-4AB3-AE7A-5DAFC10CF496}.Debug|x64.Build.0 = Debug|x64
		{48D89ED4-FF5C-4AB3-AE7A-5DAFC10CF496}.Debug|x86.ActiveCfg = Debug|Win32
		{48D89ED4-FF5C-4AB3-AE7A-5DAFC10CF496}.Debug|x86.Build.0 = Debug|Win32
		{48D89ED4-FF5C-4AB3-AE7A-5DAFC10CF496}.Release|x64.ActiveCfg = Release|x64
		{48D89ED4-FF5C-4AB3-AE7A-5DAFC10CF496}.Release|x64.Build.0 = Release|x64
		{48D89ED4-FF5C-4AB3-AE7A-5DAFC10CF496}.Release|x86.ActiveCfg = Release|Win32
		{48D89ED4-FF5C-4AB3-AE7A-5DAFC10CF496}.Release|x86.Build.0 = Release|Win32
	EndGlobalSection
	GlobalSection(SolutionProperties) = preSolution
		HideSolutionNode = FALSE
	EndGlobalSection
	GlobalSection(ExtensibilityGlobals) = postSolution
		SolutionGuid = {7B4162DB-EDFE-4003-8A46-BBE0C2DB7D17}
	EndGlobalSection
EndGlobal
